// !$*UTF8*$!
{
	archiveVersion = 1;
	classes = {
	};
	objectVersion = 46;
	objects = {

/* Begin PBXBuildFile section */
		3C6859DF1892D9C80005693F /* Foundation.framework in Frameworks */ = {isa = PBXBuildFile; fileRef = 3C6859DE1892D9C80005693F /* Foundation.framework */; };
		3C6859E11892D9C80005693F /* CoreGraphics.framework in Frameworks */ = {isa = PBXBuildFile; fileRef = 3C6859E01892D9C80005693F /* CoreGraphics.framework */; };
		3C6859E31892D9C80005693F /* UIKit.framework in Frameworks */ = {isa = PBXBuildFile; fileRef = 3C6859E21892D9C80005693F /* UIKit.framework */; };
		3C6859E91892D9C80005693F /* InfoPlist.strings in Resources */ = {isa = PBXBuildFile; fileRef = 3C6859E71892D9C80005693F /* InfoPlist.strings */; };
		3C6859EB1892D9C80005693F /* main.m in Sources */ = {isa = PBXBuildFile; fileRef = 3C6859EA1892D9C80005693F /* main.m */; };
		3C6859EF1892D9C80005693F /* AppDelegate.m in Sources */ = {isa = PBXBuildFile; fileRef = 3C6859EE1892D9C80005693F /* AppDelegate.m */; };
		3C6859F21892D9C80005693F /* Main_iPhone.storyboard in Resources */ = {isa = PBXBuildFile; fileRef = 3C6859F01892D9C80005693F /* Main_iPhone.storyboard */; };
		3C6859F51892D9C80005693F /* Main_iPad.storyboard in Resources */ = {isa = PBXBuildFile; fileRef = 3C6859F31892D9C80005693F /* Main_iPad.storyboard */; };
		3C6859F81892D9C80005693F /* ViewController.m in Sources */ = {isa = PBXBuildFile; fileRef = 3C6859F71892D9C80005693F /* ViewController.m */; };
		3C6859FA1892D9C80005693F /* Images.xcassets in Resources */ = {isa = PBXBuildFile; fileRef = 3C6859F91892D9C80005693F /* Images.xcassets */; };
		3C685A011892D9C80005693F /* XCTest.framework in Frameworks */ = {isa = PBXBuildFile; fileRef = 3C685A001892D9C80005693F /* XCTest.framework */; };
		3C685A021892D9C80005693F /* Foundation.framework in Frameworks */ = {isa = PBXBuildFile; fileRef = 3C6859DE1892D9C80005693F /* Foundation.framework */; };
		3C685A031892D9C80005693F /* UIKit.framework in Frameworks */ = {isa = PBXBuildFile; fileRef = 3C6859E21892D9C80005693F /* UIKit.framework */; };
		3C685A0B1892D9C80005693F /* InfoPlist.strings in Resources */ = {isa = PBXBuildFile; fileRef = 3C685A091892D9C80005693F /* InfoPlist.strings */; };
		3C685A0D1892D9C80005693F /* ABFillButtonExampleTests.m in Sources */ = {isa = PBXBuildFile; fileRef = 3C685A0C1892D9C80005693F /* ABFillButtonExampleTests.m */; };
		3C685A251893FD770005693F /* shutdown.png in Resources */ = {isa = PBXBuildFile; fileRef = 3C685A231893FD770005693F /* shutdown.png */; };
		3C685A261893FD770005693F /* shutdown@2x.png in Resources */ = {isa = PBXBuildFile; fileRef = 3C685A241893FD770005693F /* shutdown@2x.png */; };
		3C685A28189410240005693F /* bg@2x.png in Resources */ = {isa = PBXBuildFile; fileRef = 3C685A27189410240005693F /* bg@2x.png */; };
		3C685A2C189414C90005693F /* ABFillButton.m in Sources */ = {isa = PBXBuildFile; fileRef = 3C685A2B189414C90005693F /* ABFillButton.m */; };
/* End PBXBuildFile section */

/* Begin PBXContainerItemProxy section */
		3C685A041892D9C80005693F /* PBXContainerItemProxy */ = {
			isa = PBXContainerItemProxy;
			containerPortal = 3C6859D31892D9C80005693F /* Project object */;
			proxyType = 1;
			remoteGlobalIDString = 3C6859DA1892D9C80005693F;
			remoteInfo = ABFillButtonExample;
		};
/* End PBXContainerItemProxy section */

/* Begin PBXFileReference section */
		3C6859DB1892D9C80005693F /* ABFillButtonExample.app */ = {isa = PBXFileReference; explicitFileType = wrapper.application; includeInIndex = 0; path = ABFillButtonExample.app; sourceTree = BUILT_PRODUCTS_DIR; };
		3C6859DE1892D9C80005693F /* Foundation.framework */ = {isa = PBXFileReference; lastKnownFileType = wrapper.framework; name = Foundation.framework; path = System/Library/Frameworks/Foundation.framework; sourceTree = SDKROOT; };
		3C6859E01892D9C80005693F /* CoreGraphics.framework */ = {isa = PBXFileReference; lastKnownFileType = wrapper.framework; name = CoreGraphics.framework; path = System/Library/Frameworks/CoreGraphics.framework; sourceTree = SDKROOT; };
		3C6859E21892D9C80005693F /* UIKit.framework */ = {isa = PBXFileReference; lastKnownFileType = wrapper.framework; name = UIKit.framework; path = System/Library/Frameworks/UIKit.framework; sourceTree = SDKROOT; };
		3C6859E61892D9C80005693F /* ABFillButtonExample-Info.plist */ = {isa = PBXFileReference; lastKnownFileType = text.plist.xml; path = "ABFillButtonExample-Info.plist"; sourceTree = "<group>"; };
		3C6859E81892D9C80005693F /* en */ = {isa = PBXFileReference; lastKnownFileType = text.plist.strings; name = en; path = en.lproj/InfoPlist.strings; sourceTree = "<group>"; };
		3C6859EA1892D9C80005693F /* main.m */ = {isa = PBXFileReference; lastKnownFileType = sourcecode.c.objc; path = main.m; sourceTree = "<group>"; };
		3C6859EC1892D9C80005693F /* ABFillButtonExample-Prefix.pch */ = {isa = PBXFileReference; lastKnownFileType = sourcecode.c.h; path = "ABFillButtonExample-Prefix.pch"; sourceTree = "<group>"; };
		3C6859ED1892D9C80005693F /* AppDelegate.h */ = {isa = PBXFileReference; lastKnownFileType = sourcecode.c.h; path = AppDelegate.h; sourceTree = "<group>"; };
		3C6859EE1892D9C80005693F /* AppDelegate.m */ = {isa = PBXFileReference; lastKnownFileType = sourcecode.c.objc; path = AppDelegate.m; sourceTree = "<group>"; };
		3C6859F11892D9C80005693F /* Base */ = {isa = PBXFileReference; lastKnownFileType = file.storyboard; name = Base; path = Base.lproj/Main_iPhone.storyboard; sourceTree = "<group>"; };
		3C6859F41892D9C80005693F /* Base */ = {isa = PBXFileReference; lastKnownFileType = file.storyboard; name = Base; path = Base.lproj/Main_iPad.storyboard; sourceTree = "<group>"; };
		3C6859F61892D9C80005693F /* ViewController.h */ = {isa = PBXFileReference; lastKnownFileType = sourcecode.c.h; path = ViewController.h; sourceTree = "<group>"; };
		3C6859F71892D9C80005693F /* ViewController.m */ = {isa = PBXFileReference; lastKnownFileType = sourcecode.c.objc; path = ViewController.m; sourceTree = "<group>"; };
		3C6859F91892D9C80005693F /* Images.xcassets */ = {isa = PBXFileReference; lastKnownFileType = folder.assetcatalog; path = Images.xcassets; sourceTree = "<group>"; };
		3C6859FF1892D9C80005693F /* ABFillButtonExampleTests.xctest */ = {isa = PBXFileReference; explicitFileType = wrapper.cfbundle; includeInIndex = 0; path = ABFillButtonExampleTests.xctest; sourceTree = BUILT_PRODUCTS_DIR; };
		3C685A001892D9C80005693F /* XCTest.framework */ = {isa = PBXFileReference; lastKnownFileType = wrapper.framework; name = XCTest.framework; path = Library/Frameworks/XCTest.framework; sourceTree = DEVELOPER_DIR; };
		3C685A081892D9C80005693F /* ABFillButtonExampleTests-Info.plist */ = {isa = PBXFileReference; lastKnownFileType = text.plist.xml; path = "ABFillButtonExampleTests-Info.plist"; sourceTree = "<group>"; };
		3C685A0A1892D9C80005693F /* en */ = {isa = PBXFileReference; lastKnownFileType = text.plist.strings; name = en; path = en.lproj/InfoPlist.strings; sourceTree = "<group>"; };
		3C685A0C1892D9C80005693F /* ABFillButtonExampleTests.m */ = {isa = PBXFileReference; lastKnownFileType = sourcecode.c.objc; path = ABFillButtonExampleTests.m; sourceTree = "<group>"; };
		3C685A231893FD770005693F /* shutdown.png */ = {isa = PBXFileReference; lastKnownFileType = image.png; path = shutdown.png; sourceTree = "<group>"; };
		3C685A241893FD770005693F /* shutdown@2x.png */ = {isa = PBXFileReference; lastKnownFileType = image.png; path = "shutdown@2x.png"; sourceTree = "<group>"; };
		3C685A27189410240005693F /* bg@2x.png */ = {isa = PBXFileReference; lastKnownFileType = image.png; path = "bg@2x.png"; sourceTree = "<group>"; };
		3C685A2A189414C90005693F /* ABFillButton.h */ = {isa = PBXFileReference; fileEncoding = 4; lastKnownFileType = sourcecode.c.h; path = ABFillButton.h; sourceTree = "<group>"; };
		3C685A2B189414C90005693F /* ABFillButton.m */ = {isa = PBXFileReference; fileEncoding = 4; lastKnownFileType = sourcecode.c.objc; path = ABFillButton.m; sourceTree = "<group>"; };
/* End PBXFileReference section */

/* Begin PBXFrameworksBuildPhase section */
		3C6859D81892D9C80005693F /* Frameworks */ = {
			isa = PBXFrameworksBuildPhase;
			buildActionMask = 2147483647;
			files = (
				3C6859E11892D9C80005693F /* CoreGraphics.framework in Frameworks */,
				3C6859E31892D9C80005693F /* UIKit.framework in Frameworks */,
				3C6859DF1892D9C80005693F /* Foundation.framework in Frameworks */,
			);
			runOnlyForDeploymentPostprocessing = 0;
		};
		3C6859FC1892D9C80005693F /* Frameworks */ = {
			isa = PBXFrameworksBuildPhase;
			buildActionMask = 2147483647;
			files = (
				3C685A011892D9C80005693F /* XCTest.framework in Frameworks */,
				3C685A031892D9C80005693F /* UIKit.framework in Frameworks */,
				3C685A021892D9C80005693F /* Foundation.framework in Frameworks */,
			);
			runOnlyForDeploymentPostprocessing = 0;
		};
/* End PBXFrameworksBuildPhase section */

/* Begin PBXGroup section */
		3C6859D21892D9C80005693F = {
			isa = PBXGroup;
			children = (
				3C685A29189414C90005693F /* ABFillButton */,
				3C6859E41892D9C80005693F /* ABFillButtonExample */,
				3C685A061892D9C80005693F /* ABFillButtonExampleTests */,
				3C6859DD1892D9C80005693F /* Frameworks */,
				3C6859DC1892D9C80005693F /* Products */,
			);
			sourceTree = "<group>";
		};
		3C6859DC1892D9C80005693F /* Products */ = {
			isa = PBXGroup;
			children = (
				3C6859DB1892D9C80005693F /* ABFillButtonExample.app */,
				3C6859FF1892D9C80005693F /* ABFillButtonExampleTests.xctest */,
			);
			name = Products;
			sourceTree = "<group>";
		};
		3C6859DD1892D9C80005693F /* Frameworks */ = {
			isa = PBXGroup;
			children = (
				3C6859DE1892D9C80005693F /* Foundation.framework */,
				3C6859E01892D9C80005693F /* CoreGraphics.framework */,
				3C6859E21892D9C80005693F /* UIKit.framework */,
				3C685A001892D9C80005693F /* XCTest.framework */,
			);
			name = Frameworks;
			sourceTree = "<group>";
		};
		3C6859E41892D9C80005693F /* ABFillButtonExample */ = {
			isa = PBXGroup;
			children = (
				3C685A1A1892DCB60005693F /* assets */,
				3C6859ED1892D9C80005693F /* AppDelegate.h */,
				3C6859EE1892D9C80005693F /* AppDelegate.m */,
				3C6859F01892D9C80005693F /* Main_iPhone.storyboard */,
				3C6859F31892D9C80005693F /* Main_iPad.storyboard */,
				3C6859F61892D9C80005693F /* ViewController.h */,
				3C6859F71892D9C80005693F /* ViewController.m */,
				3C6859F91892D9C80005693F /* Images.xcassets */,
				3C6859E51892D9C80005693F /* Supporting Files */,
			);
			path = ABFillButtonExample;
			sourceTree = "<group>";
		};
		3C6859E51892D9C80005693F /* Supporting Files */ = {
			isa = PBXGroup;
			children = (
				3C6859E61892D9C80005693F /* ABFillButtonExample-Info.plist */,
				3C6859E71892D9C80005693F /* InfoPlist.strings */,
				3C6859EA1892D9C80005693F /* main.m */,
				3C6859EC1892D9C80005693F /* ABFillButtonExample-Prefix.pch */,
			);
			name = "Supporting Files";
			sourceTree = "<group>";
		};
		3C685A061892D9C80005693F /* ABFillButtonExampleTests */ = {
			isa = PBXGroup;
			children = (
				3C685A0C1892D9C80005693F /* ABFillButtonExampleTests.m */,
				3C685A071892D9C80005693F /* Supporting Files */,
			);
			path = ABFillButtonExampleTests;
			sourceTree = "<group>";
		};
		3C685A071892D9C80005693F /* Supporting Files */ = {
			isa = PBXGroup;
			children = (
				3C685A081892D9C80005693F /* ABFillButtonExampleTests-Info.plist */,
				3C685A091892D9C80005693F /* InfoPlist.strings */,
			);
			name = "Supporting Files";
			sourceTree = "<group>";
		};
		3C685A1A1892DCB60005693F /* assets */ = {
			isa = PBXGroup;
			children = (
				3C685A27189410240005693F /* bg@2x.png */,
				3C685A231893FD770005693F /* shutdown.png */,
				3C685A241893FD770005693F /* shutdown@2x.png */,
			);
			path = assets;
			sourceTree = "<group>";
		};
		3C685A29189414C90005693F /* ABFillButton */ = {
			isa = PBXGroup;
			children = (
				3C685A2A189414C90005693F /* ABFillButton.h */,
				3C685A2B189414C90005693F /* ABFillButton.m */,
			);
			name = ABFillButton;
			path = ../ABFillButton;
			sourceTree = "<group>";
		};
/* End PBXGroup section */

/* Begin PBXNativeTarget section */
		3C6859DA1892D9C80005693F /* ABFillButtonExample */ = {
			isa = PBXNativeTarget;
			buildConfigurationList = 3C685A101892D9C80005693F /* Build configuration list for PBXNativeTarget "ABFillButtonExample" */;
			buildPhases = (
				3C6859D71892D9C80005693F /* Sources */,
				3C6859D81892D9C80005693F /* Frameworks */,
				3C6859D91892D9C80005693F /* Resources */,
			);
			buildRules = (
			);
			dependencies = (
			);
			name = ABFillButtonExample;
			productName = ABFillButtonExample;
			productReference = 3C6859DB1892D9C80005693F /* ABFillButtonExample.app */;
			productType = "com.apple.product-type.application";
		};
		3C6859FE1892D9C80005693F /* ABFillButtonExampleTests */ = {
			isa = PBXNativeTarget;
			buildConfigurationList = 3C685A131892D9C80005693F /* Build configuration list for PBXNativeTarget "ABFillButtonExampleTests" */;
			buildPhases = (
				3C6859FB1892D9C80005693F /* Sources */,
				3C6859FC1892D9C80005693F /* Frameworks */,
				3C6859FD1892D9C80005693F /* Resources */,
			);
			buildRules = (
			);
			dependencies = (
				3C685A051892D9C80005693F /* PBXTargetDependency */,
			);
			name = ABFillButtonExampleTests;
			productName = ABFillButtonExampleTests;
			productReference = 3C6859FF1892D9C80005693F /* ABFillButtonExampleTests.xctest */;
			productType = "com.apple.product-type.bundle.unit-test";
		};
/* End PBXNativeTarget section */

/* Begin PBXProject section */
		3C6859D31892D9C80005693F /* Project object */ = {
			isa = PBXProject;
			attributes = {
				LastUpgradeCheck = 0500;
				ORGANIZATIONNAME = "Brun's Software";
				TargetAttributes = {
					3C6859FE1892D9C80005693F = {
						TestTargetID = 3C6859DA1892D9C80005693F;
					};
				};
			};
			buildConfigurationList = 3C6859D61892D9C80005693F /* Build configuration list for PBXProject "ABFillButtonExample" */;
			compatibilityVersion = "Xcode 3.2";
			developmentRegion = English;
			hasScannedForEncodings = 0;
			knownRegions = (
				en,
				Base,
			);
			mainGroup = 3C6859D21892D9C80005693F;
			productRefGroup = 3C6859DC1892D9C80005693F /* Products */;
			projectDirPath = "";
			projectRoot = "";
			targets = (
				3C6859DA1892D9C80005693F /* ABFillButtonExample */,
				3C6859FE1892D9C80005693F /* ABFillButtonExampleTests */,
			);
		};
/* End PBXProject section */

/* Begin PBXResourcesBuildPhase section */
		3C6859D91892D9C80005693F /* Resources */ = {
			isa = PBXResourcesBuildPhase;
			buildActionMask = 2147483647;
			files = (
				3C6859F51892D9C80005693F /* Main_iPad.storyboard in Resources */,
				3C685A261893FD770005693F /* shutdown@2x.png in Resources */,
				3C685A28189410240005693F /* bg@2x.png in Resources */,
				3C6859FA1892D9C80005693F /* Images.xcassets in Resources */,
				3C6859F21892D9C80005693F /* Main_iPhone.storyboard in Resources */,
				3C685A251893FD770005693F /* shutdown.png in Resources */,
				3C6859E91892D9C80005693F /* InfoPlist.strings in Resources */,
			);
			runOnlyForDeploymentPostprocessing = 0;
		};
		3C6859FD1892D9C80005693F /* Resources */ = {
			isa = PBXResourcesBuildPhase;
			buildActionMask = 2147483647;
			files = (
				3C685A0B1892D9C80005693F /* InfoPlist.strings in Resources */,
			);
			runOnlyForDeploymentPostprocessing = 0;
		};
/* End PBXResourcesBuildPhase section */

/* Begin PBXSourcesBuildPhase section */
		3C6859D71892D9C80005693F /* Sources */ = {
			isa = PBXSourcesBuildPhase;
			buildActionMask = 2147483647;
			files = (
				3C6859F81892D9C80005693F /* ViewController.m in Sources */,
				3C6859EF1892D9C80005693F /* AppDelegate.m in Sources */,
				3C6859EB1892D9C80005693F /* main.m in Sources */,
				3C685A2C189414C90005693F /* ABFillButton.m in Sources */,
			);
			runOnlyForDeploymentPostprocessing = 0;
		};
		3C6859FB1892D9C80005693F /* Sources */ = {
			isa = PBXSourcesBuildPhase;
			buildActionMask = 2147483647;
			files = (
				3C685A0D1892D9C80005693F /* ABFillButtonExampleTests.m in Sources */,
			);
			runOnlyForDeploymentPostprocessing = 0;
		};
/* End PBXSourcesBuildPhase section */

/* Begin PBXTargetDependency section */
		3C685A051892D9C80005693F /* PBXTargetDependency */ = {
			isa = PBXTargetDependency;
			target = 3C6859DA1892D9C80005693F /* ABFillButtonExample */;
			targetProxy = 3C685A041892D9C80005693F /* PBXContainerItemProxy */;
		};
/* End PBXTargetDependency section */

/* Begin PBXVariantGroup section */
		3C6859E71892D9C80005693F /* InfoPlist.strings */ = {
			isa = PBXVariantGroup;
			children = (
				3C6859E81892D9C80005693F /* en */,
			);
			name = InfoPlist.strings;
			sourceTree = "<group>";
		};
		3C6859F01892D9C80005693F /* Main_iPhone.storyboard */ = {
			isa = PBXVariantGroup;
			children = (
				3C6859F11892D9C80005693F /* Base */,
			);
			name = Main_iPhone.storyboard;
			sourceTree = "<group>";
		};
		3C6859F31892D9C80005693F /* Main_iPad.storyboard */ = {
			isa = PBXVariantGroup;
			children = (
				3C6859F41892D9C80005693F /* Base */,
			);
			name = Main_iPad.storyboard;
			sourceTree = "<group>";
		};
		3C685A091892D9C80005693F /* InfoPlist.strings */ = {
			isa = PBXVariantGroup;
			children = (
				3C685A0A1892D9C80005693F /* en */,
			);
			name = InfoPlist.strings;
			sourceTree = "<group>";
		};
/* End PBXVariantGroup section */

/* Begin XCBuildConfiguration section */
		3C685A0E1892D9C80005693F /* Debug */ = {
			isa = XCBuildConfiguration;
			buildSettings = {
				ALWAYS_SEARCH_USER_PATHS = NO;
				ARCHS = "$(ARCHS_STANDARD_INCLUDING_64_BIT)";
				CLANG_CXX_LANGUAGE_STANDARD = "gnu++0x";
				CLANG_CXX_LIBRARY = "libc++";
				CLANG_ENABLE_MODULES = YES;
				CLANG_ENABLE_OBJC_ARC = YES;
				CLANG_WARN_BOOL_CONVERSION = YES;
				CLANG_WARN_CONSTANT_CONVERSION = YES;
				CLANG_WARN_DIRECT_OBJC_ISA_USAGE = YES_ERROR;
				CLANG_WARN_EMPTY_BODY = YES;
				CLANG_WARN_ENUM_CONVERSION = YES;
				CLANG_WARN_INT_CONVERSION = YES;
				CLANG_WARN_OBJC_ROOT_CLASS = YES_ERROR;
				CLANG_WARN__DUPLICATE_METHOD_MATCH = YES;
				"CODE_SIGN_IDENTITY[sdk=iphoneos*]" = "iPhone Developer";
				COPY_PHASE_STRIP = NO;
				GCC_C_LANGUAGE_STANDARD = gnu99;
				GCC_DYNAMIC_NO_PIC = NO;
				GCC_OPTIMIZATION_LEVEL = 0;
				GCC_PREPROCESSOR_DEFINITIONS = (
					"DEBUG=1",
					"$(inherited)",
				);
				GCC_SYMBOLS_PRIVATE_EXTERN = NO;
				GCC_WARN_64_TO_32_BIT_CONVERSION = YES;
				GCC_WARN_ABOUT_RETURN_TYPE = YES_ERROR;
				GCC_WARN_UNDECLARED_SELECTOR = YES;
				GCC_WARN_UNINITIALIZED_AUTOS = YES;
				GCC_WARN_UNUSED_FUNCTION = YES;
				GCC_WARN_UNUSED_VARIABLE = YES;
				IPHONEOS_DEPLOYMENT_TARGET = 7.0;
				ONLY_ACTIVE_ARCH = YES;
				SDKROOT = iphoneos;
				TARGETED_DEVICE_FAMILY = "1,2";
			};
			name = Debug;
		};
		3C685A0F1892D9C80005693F /* Release */ = {
			isa = XCBuildConfiguration;
			buildSettings = {
				ALWAYS_SEARCH_USER_PATHS = NO;
				ARCHS = "$(ARCHS_STANDARD_INCLUDING_64_BIT)";
				CLANG_CXX_LANGUAGE_STANDARD = "gnu++0x";
				CLANG_CXX_LIBRARY = "libc++";
				CLANG_ENABLE_MODULES = YES;
				CLANG_ENABLE_OBJC_ARC = YES;
				CLANG_WARN_BOOL_CONVERSION = YES;
				CLANG_WARN_CONSTANT_CONVERSION = YES;
				CLANG_WARN_DIRECT_OBJC_ISA_USAGE = YES_ERROR;
				CLANG_WARN_EMPTY_BODY = YES;
				CLANG_WARN_ENUM_CONVERSION = YES;
				CLANG_WARN_INT_CONVERSION = YES;
				CLANG_WARN_OBJC_ROOT_CLASS = YES_ERROR;
				CLANG_WARN__DUPLICATE_METHOD_MATCH = YES;
				"CODE_SIGN_IDENTITY[sdk=iphoneos*]" = "iPhone Developer";
				COPY_PHASE_STRIP = YES;
				ENABLE_NS_ASSERTIONS = NO;
				GCC_C_LANGUAGE_STANDARD = gnu99;
				GCC_WARN_64_TO_32_BIT_CONVERSION = YES;
				GCC_WARN_ABOUT_RETURN_TYPE = YES_ERROR;
				GCC_WARN_UNDECLARED_SELECTOR = YES;
				GCC_WARN_UNINITIALIZED_AUTOS = YES;
				GCC_WARN_UNUSED_FUNCTION = YES;
				GCC_WARN_UNUSED_VARIABLE = YES;
				IPHONEOS_DEPLOYMENT_TARGET = 7.0;
				SDKROOT = iphoneos;
				TARGETED_DEVICE_FAMILY = "1,2";
				VALIDATE_PRODUCT = YES;
			};
			name = Release;
		};
		3C685A111892D9C80005693F /* Debug */ = {
			isa = XCBuildConfiguration;
			buildSettings = {
				ASSETCATALOG_COMPILER_APPICON_NAME = AppIcon;
				ASSETCATALOG_COMPILER_LAUNCHIMAGE_NAME = LaunchImage;
				GCC_PRECOMPILE_PREFIX_HEADER = YES;
				GCC_PREFIX_HEADER = "ABFillButtonExample/ABFillButtonExample-Prefix.pch";
				INFOPLIST_FILE = "ABFillButtonExample/ABFillButtonExample-Info.plist";
				PRODUCT_NAME = "$(TARGET_NAME)";
				WRAPPER_EXTENSION = app;
			};
			name = Debug;
		};
		3C685A121892D9C80005693F /* Release */ = {
			isa = XCBuildConfiguration;
			buildSettings = {
				ASSETCATALOG_COMPILER_APPICON_NAME = AppIcon;
				ASSETCATALOG_COMPILER_LAUNCHIMAGE_NAME = LaunchImage;
				GCC_PRECOMPILE_PREFIX_HEADER = YES;
				GCC_PREFIX_HEADER = "ABFillButtonExample/ABFillButtonExample-Prefix.pch";
				INFOPLIST_FILE = "ABFillButtonExample/ABFillButtonExample-Info.plist";
				PRODUCT_NAME = "$(TARGET_NAME)";
				WRAPPER_EXTENSION = app;
			};
			name = Release;
		};
		3C685A141892D9C80005693F /* Debug */ = {
			isa = XCBuildConfiguration;
			buildSettings = {
				ARCHS = "$(ARCHS_STANDARD_INCLUDING_64_BIT)";
				BUNDLE_LOADER = "$(BUILT_PRODUCTS_DIR)/ABFillButtonExample.app/ABFillButtonExample";
				FRAMEWORK_SEARCH_PATHS = (
					"$(SDKROOT)/Developer/Library/Frameworks",
					"$(inherited)",
					"$(DEVELOPER_FRAMEWORKS_DIR)",
				);
				GCC_PRECOMPILE_PREFIX_HEADER = YES;
				GCC_PREFIX_HEADER = "ABFillButtonExample/ABFillButtonExample-Prefix.pch";
				GCC_PREPROCESSOR_DEFINITIONS = (
					"DEBUG=1",
					"$(inherited)",
				);
				INFOPLIST_FILE = "ABFillButtonExampleTests/ABFillButtonExampleTests-Info.plist";
				PRODUCT_NAME = "$(TARGET_NAME)";
				TEST_HOST = "$(BUNDLE_LOADER)";
				WRAPPER_EXTENSION = xctest;
			};
			name = Debug;
		};
		3C685A151892D9C80005693F /* Release */ = {
			isa = XCBuildConfiguration;
			buildSettings = {
				ARCHS = "$(ARCHS_STANDARD_INCLUDING_64_BIT)";
				BUNDLE_LOADER = "$(BUILT_PRODUCTS_DIR)/ABFillButtonExample.app/ABFillButtonExample";
				FRAMEWORK_SEARCH_PATHS = (
					"$(SDKROOT)/Developer/Library/Frameworks",
					"$(inherited)",
					"$(DEVELOPER_FRAMEWORKS_DIR)",
				);
				GCC_PRECOMPILE_PREFIX_HEADER = YES;
				GCC_PREFIX_HEADER = "ABFillButtonExample/ABFillButtonExample-Prefix.pch";
				INFOPLIST_FILE = "ABFillButtonExampleTests/ABFillButtonExampleTests-Info.plist";
				PRODUCT_NAME = "$(TARGET_NAME)";
				TEST_HOST = "$(BUNDLE_LOADER)";
				WRAPPER_EXTENSION = xctest;
			};
			name = Release;
		};
/* End XCBuildConfiguration section */

/* Begin XCConfigurationList section */
		3C6859D61892D9C80005693F /* Build configuration list for PBXProject "ABFillButtonExample" */ = {
			isa = XCConfigurationList;
			buildConfigurations = (
				3C685A0E1892D9C80005693F /* Debug */,
				3C685A0F1892D9C80005693F /* Release */,
			);
			defaultConfigurationIsVisible = 0;
			defaultConfigurationName = Release;
		};
		3C685A101892D9C80005693F /* Build configuration list for PBXNativeTarget "ABFillButtonExample" */ = {
			isa = XCConfigurationList;
			buildConfigurations = (
				3C685A111892D9C80005693F /* Debug */,
				3C685A121892D9C80005693F /* Release */,
			);
			defaultConfigurationIsVisible = 0;
		};
		3C685A131892D9C80005693F /* Build configuration list for PBXNativeTarget "ABFillButtonExampleTests" */ = {
			isa = XCConfigurationList;
			buildConfigurations = (
				3C685A141892D9C80005693F /* Debug */,
				3C685A151892D9C80005693F /* Release */,
			);
			defaultConfigurationIsVisible = 0;
		};
/* End XCConfigurationList section */
	};
	rootObject = 3C6859D31892D9C80005693F /* Project object */;
}
